{
  "version": 4,
  "terraform_version": "1.11.2",
  "serial": 90,
  "lineage": "fe99bdf1-2479-3da6-3723-422739a4c1e9",
  "outputs": {
    "datastore_id": {
      "value": "datastore-14001",
      "type": "string"
    },
    "iso_datastore_id": {
      "value": "datastore-14",
      "type": "string"
    }
  },
  "resources": [
    {
      "mode": "data",
      "type": "template_cloudinit_config",
      "name": "config",
      "provider": "provider[\"registry.terraform.io/hashicorp/template\"]",
      "instances": [
        {
          "schema_version": 0,
          "attributes": {
            "base64_encode": true,
            "gzip": true,
            "id": "1060906839",
            "part": [
              {
                "content": "# cloud-config.yaml\n#cloud-config\nlocale: es_ES.UTF-8\ntimezone: Europe/Madrid\nkeyboard:\n  layout: es\npackages:\n  - nginx\nruncmd:\n  - echo \"Configuración aplicada con éxito\"",
                "content_type": "text/cloud-config",
                "filename": "cloud-config.yaml",
                "merge_type": ""
              }
            ],
            "rendered": "H4sIAAAAAAAA/2SQz0r7QBDH7wt5hyU9b/v7nZSUHrSN4CEK2gqeZLo7TYfuzoTNBhLfyLOP0BeTVsRgj/Pl8/3DLIUTcjLrocFCh84naiCmWaAe3VxvpWMHcVjk1X1V3j5uHlY3T6+5Ol3mBWNLwoX+P/2XqUwZM4Yy9ZO9oraRltKZhZTA7gNymusdeWQIuMitl84ZK7yjejpA8PmvfR2B2x1GU7IVR1wX+mpLaQSctyfs02yck6mKAl6snOiLMjUZS8qLBY+FxvatfJ5u1nfmWiUK+C6MhS67KA3OKnCRnDrgsBWIrlBaexikSyefasAeoMb2JBvNNXGvYsc2uG8F7V50vjz3dREsHT9ZQ+PJggNthfXxo6ck+d+vGpOprwAAAP//VsazR7QBAAA="
          },
          "sensitive_attributes": []
        }
      ]
    },
    {
      "mode": "data",
      "type": "template_file",
      "name": "cloudinit",
      "provider": "provider[\"registry.terraform.io/hashicorp/template\"]",
      "instances": [
        {
          "schema_version": 0,
          "attributes": {
            "filename": null,
            "id": "ee8ed899afbbdb10d2a3c37c5b76eed1adf596d9f2dae6d20537e122f4840766",
            "rendered": "# cloud-config.yaml\n#cloud-config\nlocale: es_ES.UTF-8\ntimezone: Europe/Madrid\nkeyboard:\n  layout: es\npackages:\n  - nginx\nruncmd:\n  - echo \"Configuración aplicada con éxito\"",
            "template": "# cloud-config.yaml\n#cloud-config\nlocale: es_ES.UTF-8\ntimezone: Europe/Madrid\nkeyboard:\n  layout: es\npackages:\n  - nginx\nruncmd:\n  - echo \"Configuración aplicada con éxito\"",
            "vars": null
          },
          "sensitive_attributes": []
        }
      ]
    },
    {
      "mode": "data",
      "type": "vsphere_compute_cluster",
      "name": "cluster",
      "provider": "provider[\"registry.terraform.io/hashicorp/vsphere\"]",
      "instances": [
        {
          "schema_version": 0,
          "attributes": {
            "datacenter_id": "datacenter-3",
            "id": "domain-c8",
            "name": "BMCLU",
            "resource_pool_id": "resgroup-9"
          },
          "sensitive_attributes": []
        }
      ]
    },
    {
      "mode": "data",
      "type": "vsphere_datacenter",
      "name": "dc01",
      "provider": "provider[\"registry.terraform.io/hashicorp/vsphere\"]",
      "instances": [
        {
          "schema_version": 0,
          "attributes": {
            "id": "datacenter-3",
            "name": "HOMELAB",
            "virtual_machines": [
              "ADS01",
              "ANS01",
              "BKP01",
              "BKP02",
              "CPH01",
              "CPH02",
              "CPH03",
              "CPH04",
              "CPM00",
              "FMN01",
              "MCEPH01",
              "MCEPH02",
              "MCEPH03",
              "NSS01",
              "OCP-Local",
              "OKD-Helper",
              "PFS01",
              "RHEL8_Template",
              "RHEL9-NOSEC-Template",
              "RHEL9_Template",
              "TrueNAS",
              "VCS01",
              "W2019_Template",
              "W2022_Template",
              "WKS01",
              "Win10_Template",
              "kmaster01",
              "kmaster01.backup",
              "kmaster02",
              "kmaster03",
              "kservice",
              "kworker01",
              "kworker02",
              "sa-nvmesx01",
              "sa-nvmesx02",
              "sa-nvmesx03",
              "sa-nvmesx04",
              "sa-vcf-builder",
              "vCLS-4c4c4544-0056-5310-8037-c8c04f535032"
            ]
          },
          "sensitive_attributes": []
        }
      ]
    },
    {
      "mode": "data",
      "type": "vsphere_datastore",
      "name": "datastore",
      "provider": "provider[\"registry.terraform.io/hashicorp/vsphere\"]",
      "instances": [
        {
          "schema_version": 0,
          "attributes": {
            "datacenter_id": "datacenter-3",
            "id": "datastore-14001",
            "name": "BM-NVM-01-LOCAL",
            "stats": {
              "capacity": "2000112582656",
              "free": "1105269358592"
            }
          },
          "sensitive_attributes": []
        }
      ]
    },
    {
      "mode": "data",
      "type": "vsphere_datastore",
      "name": "iso_datastore",
      "provider": "provider[\"registry.terraform.io/hashicorp/vsphere\"]",
      "instances": [
        {
          "schema_version": 0,
          "attributes": {
            "datacenter_id": "datacenter-3",
            "id": "datastore-14",
            "name": "BM-HDD-01-VAULT",
            "stats": {
              "capacity": "8001524072448",
              "free": "2007426400256"
            }
          },
          "sensitive_attributes": []
        }
      ]
    },
    {
      "mode": "data",
      "type": "vsphere_network",
      "name": "network",
      "provider": "provider[\"registry.terraform.io/hashicorp/vsphere\"]",
      "instances": [
        {
          "schema_version": 0,
          "attributes": {
            "datacenter_id": "datacenter-3",
            "distributed_virtual_switch_uuid": null,
            "filter": null,
            "id": "network-22",
            "name": "LAN",
            "type": "Network"
          },
          "sensitive_attributes": []
        }
      ]
    },
    {
      "mode": "data",
      "type": "vsphere_resource_pool",
      "name": "custom_pool",
      "provider": "provider[\"registry.terraform.io/hashicorp/vsphere\"]",
      "instances": [
        {
          "schema_version": 0,
          "attributes": {
            "datacenter_id": "datacenter-3",
            "id": "resgroup-22008",
            "name": "NTT"
          },
          "sensitive_attributes": []
        }
      ]
    },
    {
      "mode": "managed",
      "type": "vsphere_virtual_machine",
      "name": "vm",
      "provider": "provider[\"registry.terraform.io/hashicorp/vsphere\"]",
      "instances": [
        {
          "index_key": "rocky_test_1",
          "schema_version": 3,
          "attributes": {
            "alternate_guest_name": "",
            "annotation": "",
            "boot_delay": 0,
            "boot_retry_delay": 10000,
            "boot_retry_enabled": false,
            "cdrom": [
              {
                "client_device": false,
                "datastore_id": "datastore-14",
                "device_address": "ide:0:0",
                "key": 3000,
                "path": "ISOS/ubuntu-24.04.1-live-server-amd64.iso"
              }
            ],
            "change_version": "2025-04-08T09:05:26.537765Z",
            "clone": [],
            "cpu_hot_add_enabled": false,
            "cpu_hot_remove_enabled": false,
            "cpu_limit": -1,
            "cpu_performance_counters_enabled": false,
            "cpu_reservation": 0,
            "cpu_share_count": 4000,
            "cpu_share_level": "normal",
            "custom_attributes": null,
            "datacenter_id": null,
            "datastore_cluster_id": null,
            "datastore_id": "datastore-14001",
            "default_ip_address": "172.16.1.245",
            "disk": [
              {
                "attach": false,
                "controller_type": "scsi",
                "datastore_id": "datastore-14001",
                "device_address": "scsi:0:0",
                "disk_mode": "persistent",
                "disk_sharing": "sharingNone",
                "eagerly_scrub": false,
                "io_limit": -1,
                "io_reservation": 0,
                "io_share_count": 1000,
                "io_share_level": "normal",
                "keep_on_remove": false,
                "key": 2000,
                "label": "disk0",
                "path": "supplier-01_1/supplier-01.vmdk",
                "size": 30,
                "storage_policy_id": "",
                "thin_provisioned": true,
                "unit_number": 0,
                "uuid": "6000C290-2f44-18dc-36ea-0a047c7e48fe",
                "write_through": false
              }
            ],
            "efi_secure_boot_enabled": false,
            "enable_disk_uuid": false,
            "enable_logging": false,
            "ept_rvi_mode": "",
            "extra_config": {
              "efi.bootOrder.1": "cdrom",
              "guestinfo.userdata": "H4sIAAAAAAAA/2SQz0r7QBDH7wt5hyU9b/v7nZSUHrSN4CEK2gqeZLo7TYfuzoTNBhLfyLOP0BeTVsRgj/Pl8/3DLIUTcjLrocFCh84naiCmWaAe3VxvpWMHcVjk1X1V3j5uHlY3T6+5Ol3mBWNLwoX+P/2XqUwZM4Yy9ZO9oraRltKZhZTA7gNymusdeWQIuMitl84ZK7yjejpA8PmvfR2B2x1GU7IVR1wX+mpLaQSctyfs02yck6mKAl6snOiLMjUZS8qLBY+FxvatfJ5u1nfmWiUK+C6MhS67KA3OKnCRnDrgsBWIrlBaexikSyefasAeoMb2JBvNNXGvYsc2uG8F7V50vjz3dREsHT9ZQ+PJggNthfXxo6ck+d+vGpOprwAAAP//VsazR7QBAAA=",
              "guestinfo.userdata.encoding": "gzip+base64"
            },
            "extra_config_reboot_required": true,
            "firmware": "efi",
            "folder": "",
            "force_power_off": true,
            "guest_id": "ubuntu64Guest",
            "guest_ip_addresses": [
              "172.16.1.245",
              "fe80::250:56ff:fea9:98b9"
            ],
            "hardware_version": 21,
            "host_system_id": "host-11",
            "hv_mode": "",
            "id": "42297e4f-4343-d23e-c6d6-6c04f27ab8f8",
            "ide_controller_count": 2,
            "ignored_guest_ips": null,
            "imported": null,
            "latency_sensitivity": "normal",
            "memory": 4096,
            "memory_hot_add_enabled": false,
            "memory_limit": -1,
            "memory_reservation": 0,
            "memory_reservation_locked_to_max": false,
            "memory_share_count": 40960,
            "memory_share_level": "normal",
            "migrate_wait_timeout": 30,
            "moid": "vm-49011",
            "name": "supplier-01",
            "nested_hv_enabled": false,
            "network_interface": [
              {
                "adapter_type": "vmxnet3",
                "bandwidth_limit": -1,
                "bandwidth_reservation": 0,
                "bandwidth_share_count": 50,
                "bandwidth_share_level": "normal",
                "device_address": "pci:0:7",
                "key": 4000,
                "mac_address": "00:50:56:a9:98:b9",
                "network_id": "network-22",
                "ovf_mapping": "",
                "physical_function": "",
                "use_static_mac": false
              }
            ],
            "num_cores_per_socket": 1,
            "num_cpus": 4,
            "nvme_controller_count": 0,
            "ovf_deploy": [],
            "pci_device_id": null,
            "power_state": "on",
            "poweron_timeout": 300,
            "reboot_required": false,
            "replace_trigger": null,
            "resource_pool_id": "resgroup-22008",
            "run_tools_scripts_after_power_on": true,
            "run_tools_scripts_after_resume": true,
            "run_tools_scripts_before_guest_reboot": false,
            "run_tools_scripts_before_guest_shutdown": true,
            "run_tools_scripts_before_guest_standby": true,
            "sata_controller_count": 0,
            "scsi_bus_sharing": "noSharing",
            "scsi_controller_count": 1,
            "scsi_type": "pvscsi",
            "shutdown_wait_timeout": 3,
            "storage_policy_id": "",
            "swap_placement_policy": "inherit",
            "sync_time_with_host": true,
            "sync_time_with_host_periodically": false,
            "tags": null,
            "tools_upgrade_policy": "manual",
            "uuid": "42297e4f-4343-d23e-c6d6-6c04f27ab8f8",
            "vapp": [],
            "vapp_transport": [],
            "vbs_enabled": false,
            "vmware_tools_status": "guestToolsRunning",
            "vmx_path": "supplier-01_1/supplier-01.vmx",
            "vtpm": [],
            "vvtd_enabled": false,
            "wait_for_guest_ip_timeout": 0,
            "wait_for_guest_net_routable": true,
            "wait_for_guest_net_timeout": 5
          },
          "sensitive_attributes": [],
          "private": "eyJzY2hlbWFfdmVyc2lvbiI6IjMifQ==",
          "dependencies": [
            "data.template_cloudinit_config.config",
            "data.template_file.cloudinit",
            "data.vsphere_datacenter.dc01",
            "data.vsphere_datastore.datastore",
            "data.vsphere_datastore.iso_datastore",
            "data.vsphere_network.network",
            "data.vsphere_resource_pool.custom_pool"
          ]
        }
      ]
    }
  ],
  "check_results": null
}
